
Microsoft Visual Studio Solution File, Format Version 12.00
# Visual Studio 2013
VisualStudioVersion = 12.0.21005.1
MinimumVisualStudioVersion = 10.0.40219.1
Project("{8BC9CEB8-8B4A-11D0-8D11-00A0C91BC942}") = "strings_highscores", "Exercises\Exercises.vcxproj", "{8B54F3F5-7B9A-474C-A548-B2F1FE799C06}"
EndProject
Project("{8BC9CEB8-8B4A-11D0-8D11-00A0C91BC942}") = "vectors_math", "vectors\vectors.vcxproj", "{948F03AF-30CB-43A9-B56B-D8FD0705D1B3}"
EndProject
Project("{8BC9CEB8-8B4A-11D0-8D11-00A0C91BC942}") = "binary_and_bits", "binary_and_bits\binary_and_bits.vcxproj", "{90A5235E-02FB-4A5A-B6A1-8987A06BEC3B}"
EndProject
Project("{8BC9CEB8-8B4A-11D0-8D11-00A0C91BC942}") = "list_basics", "list_basics\list_basics.vcxproj", "{9D0DA388-1C1D-463B-B9CB-A6C43714325F}"
EndProject
Project("{8BC9CEB8-8B4A-11D0-8D11-00A0C91BC942}") = "list_complex", "list_complex\list_complex.vcxproj", "{649FF441-DBEA-412C-BD85-72BE7395B849}"
EndProject
Project("{8BC9CEB8-8B4A-11D0-8D11-00A0C91BC942}") = "understanding_templates", "understanding_templates\understanding_templates.vcxproj", "{AC99C43E-3B26-4473-99FB-BCCE01B7345F}"
EndProject
Project("{8BC9CEB8-8B4A-11D0-8D11-00A0C91BC942}") = "function_pointers", "function_pointers\function_pointers.vcxproj", "{36EC44CE-78A4-461F-89EF-C9AD518E996F}"
EndProject
Project("{8BC9CEB8-8B4A-11D0-8D11-00A0C91BC942}") = "stacks", "stacks\stacks.vcxproj", "{F44570AB-BB2F-4867-9413-8A49EA87D985}"
EndProject
Project("{8BC9CEB8-8B4A-11D0-8D11-00A0C91BC942}") = "queues", "queues\queues.vcxproj", "{51C01710-2686-497D-A9F3-5DA76576F276}"
EndProject
Project("{8BC9CEB8-8B4A-11D0-8D11-00A0C91BC942}") = "maps", "maps\maps.vcxproj", "{9B277BDF-8B26-4A1D-851A-80C6F03ADD84}"
EndProject
Global
	GlobalSection(SolutionConfigurationPlatforms) = preSolution
		Debug|Win32 = Debug|Win32
		Release|Win32 = Release|Win32
	EndGlobalSection
	GlobalSection(ProjectConfigurationPlatforms) = postSolution
		{8B54F3F5-7B9A-474C-A548-B2F1FE799C06}.Debug|Win32.ActiveCfg = Debug|Win32
		{8B54F3F5-7B9A-474C-A548-B2F1FE799C06}.Debug|Win32.Build.0 = Debug|Win32
		{8B54F3F5-7B9A-474C-A548-B2F1FE799C06}.Release|Win32.ActiveCfg = Release|Win32
		{8B54F3F5-7B9A-474C-A548-B2F1FE799C06}.Release|Win32.Build.0 = Release|Win32
		{948F03AF-30CB-43A9-B56B-D8FD0705D1B3}.Debug|Win32.ActiveCfg = Debug|Win32
		{948F03AF-30CB-43A9-B56B-D8FD0705D1B3}.Debug|Win32.Build.0 = Debug|Win32
		{948F03AF-30CB-43A9-B56B-D8FD0705D1B3}.Release|Win32.ActiveCfg = Release|Win32
		{948F03AF-30CB-43A9-B56B-D8FD0705D1B3}.Release|Win32.Build.0 = Release|Win32
		{90A5235E-02FB-4A5A-B6A1-8987A06BEC3B}.Debug|Win32.ActiveCfg = Debug|Win32
		{90A5235E-02FB-4A5A-B6A1-8987A06BEC3B}.Debug|Win32.Build.0 = Debug|Win32
		{90A5235E-02FB-4A5A-B6A1-8987A06BEC3B}.Release|Win32.ActiveCfg = Release|Win32
		{90A5235E-02FB-4A5A-B6A1-8987A06BEC3B}.Release|Win32.Build.0 = Release|Win32
		{9D0DA388-1C1D-463B-B9CB-A6C43714325F}.Debug|Win32.ActiveCfg = Debug|Win32
		{9D0DA388-1C1D-463B-B9CB-A6C43714325F}.Debug|Win32.Build.0 = Debug|Win32
		{9D0DA388-1C1D-463B-B9CB-A6C43714325F}.Release|Win32.ActiveCfg = Release|Win32
		{9D0DA388-1C1D-463B-B9CB-A6C43714325F}.Release|Win32.Build.0 = Release|Win32
		{649FF441-DBEA-412C-BD85-72BE7395B849}.Debug|Win32.ActiveCfg = Debug|Win32
		{649FF441-DBEA-412C-BD85-72BE7395B849}.Debug|Win32.Build.0 = Debug|Win32
		{649FF441-DBEA-412C-BD85-72BE7395B849}.Release|Win32.ActiveCfg = Release|Win32
		{649FF441-DBEA-412C-BD85-72BE7395B849}.Release|Win32.Build.0 = Release|Win32
		{AC99C43E-3B26-4473-99FB-BCCE01B7345F}.Debug|Win32.ActiveCfg = Debug|Win32
		{AC99C43E-3B26-4473-99FB-BCCE01B7345F}.Debug|Win32.Build.0 = Debug|Win32
		{AC99C43E-3B26-4473-99FB-BCCE01B7345F}.Release|Win32.ActiveCfg = Release|Win32
		{AC99C43E-3B26-4473-99FB-BCCE01B7345F}.Release|Win32.Build.0 = Release|Win32
		{36EC44CE-78A4-461F-89EF-C9AD518E996F}.Debug|Win32.ActiveCfg = Debug|Win32
		{36EC44CE-78A4-461F-89EF-C9AD518E996F}.Debug|Win32.Build.0 = Debug|Win32
		{36EC44CE-78A4-461F-89EF-C9AD518E996F}.Release|Win32.ActiveCfg = Release|Win32
		{36EC44CE-78A4-461F-89EF-C9AD518E996F}.Release|Win32.Build.0 = Release|Win32
		{F44570AB-BB2F-4867-9413-8A49EA87D985}.Debug|Win32.ActiveCfg = Debug|Win32
		{F44570AB-BB2F-4867-9413-8A49EA87D985}.Debug|Win32.Build.0 = Debug|Win32
		{F44570AB-BB2F-4867-9413-8A49EA87D985}.Release|Win32.ActiveCfg = Release|Win32
		{F44570AB-BB2F-4867-9413-8A49EA87D985}.Release|Win32.Build.0 = Release|Win32
		{51C01710-2686-497D-A9F3-5DA76576F276}.Debug|Win32.ActiveCfg = Debug|Win32
		{51C01710-2686-497D-A9F3-5DA76576F276}.Debug|Win32.Build.0 = Debug|Win32
		{51C01710-2686-497D-A9F3-5DA76576F276}.Release|Win32.ActiveCfg = Release|Win32
		{51C01710-2686-497D-A9F3-5DA76576F276}.Release|Win32.Build.0 = Release|Win32
		{9B277BDF-8B26-4A1D-851A-80C6F03ADD84}.Debug|Win32.ActiveCfg = Debug|Win32
		{9B277BDF-8B26-4A1D-851A-80C6F03ADD84}.Debug|Win32.Build.0 = Debug|Win32
		{9B277BDF-8B26-4A1D-851A-80C6F03ADD84}.Release|Win32.ActiveCfg = Release|Win32
		{9B277BDF-8B26-4A1D-851A-80C6F03ADD84}.Release|Win32.Build.0 = Release|Win32
	EndGlobalSection
	GlobalSection(SolutionProperties) = preSolution
		HideSolutionNode = FALSE
	EndGlobalSection
EndGlobal
