
Microsoft Visual Studio Solution File, Format Version 12.00
# Visual Studio 2013
VisualStudioVersion = 12.0.31101.0
MinimumVisualStudioVersion = 10.0.40219.1
Project("{8BC9CEB8-8B4A-11D0-8D11-00A0C91BC942}") = "strings_highscores", "Exercises\Exercises.vcxproj", "{8B54F3F5-7B9A-474C-A548-B2F1FE799C06}"
EndProject
Project("{8BC9CEB8-8B4A-11D0-8D11-00A0C91BC942}") = "vectors_math", "vectors\vectors.vcxproj", "{948F03AF-30CB-43A9-B56B-D8FD0705D1B3}"
EndProject
Project("{8BC9CEB8-8B4A-11D0-8D11-00A0C91BC942}") = "binary_and_bits", "binary_and_bits\binary_and_bits.vcxproj", "{90A5235E-02FB-4A5A-B6A1-8987A06BEC3B}"
EndProject
Project("{8BC9CEB8-8B4A-11D0-8D11-00A0C91BC942}") = "list_basics", "list_basics\list_basics.vcxproj", "{9D0DA388-1C1D-463B-B9CB-A6C43714325F}"
EndProject
Project("{8BC9CEB8-8B4A-11D0-8D11-00A0C91BC942}") = "list_complex", "list_complex\list_complex.vcxproj", "{649FF441-DBEA-412C-BD85-72BE7395B849}"
EndProject
Project("{8BC9CEB8-8B4A-11D0-8D11-00A0C91BC942}") = "understanding_templates", "understanding_templates\understanding_templates.vcxproj", "{AC99C43E-3B26-4473-99FB-BCCE01B7345F}"
EndProject
Project("{8BC9CEB8-8B4A-11D0-8D11-00A0C91BC942}") = "function_pointers", "function_pointers\function_pointers.vcxproj", "{36EC44CE-78A4-461F-89EF-C9AD518E996F}"
EndProject
Project("{8BC9CEB8-8B4A-11D0-8D11-00A0C91BC942}") = "stacks", "stacks\stacks.vcxproj", "{F44570AB-BB2F-4867-9413-8A49EA87D985}"
EndProject
Project("{8BC9CEB8-8B4A-11D0-8D11-00A0C91BC942}") = "queues", "queues\queues.vcxproj", "{51C01710-2686-497D-A9F3-5DA76576F276}"
EndProject
Project("{8BC9CEB8-8B4A-11D0-8D11-00A0C91BC942}") = "maps", "maps\maps.vcxproj", "{9B277BDF-8B26-4A1D-851A-80C6F03ADD84}"
EndProject
Project("{8BC9CEB8-8B4A-11D0-8D11-00A0C91BC942}") = "RandomStringSort", "RandomStringSort\RandomStringSort.vcxproj", "{833B647D-1C79-49C2-911E-FF919177B0BE}"
EndProject
Project("{8BC9CEB8-8B4A-11D0-8D11-00A0C91BC942}") = "container_algorithms", "container_algorithms\container_algorithms.vcxproj", "{ECB9E43C-AF44-408C-98E1-066456F3031F}"
EndProject
Project("{8BC9CEB8-8B4A-11D0-8D11-00A0C91BC942}") = "sigleton", "sigleton\sigleton.vcxproj", "{C8E6D3FD-E5E3-49B5-8E7F-526892A23F7C}"
EndProject
Project("{8BC9CEB8-8B4A-11D0-8D11-00A0C91BC942}") = "factory", "factory\factory.vcxproj", "{6F7C24D3-CBC2-4DD9-A922-D6B10FDF2BFE}"
EndProject
Project("{8BC9CEB8-8B4A-11D0-8D11-00A0C91BC942}") = "VisitorsExerciseCode", "visitor\VisitorsExerciseCode.vcxproj", "{300B299C-2524-4411-8A12-A4C226CD9188}"
EndProject
Project("{8BC9CEB8-8B4A-11D0-8D11-00A0C91BC942}") = "publisher_subscriber", "PublisherSubscriber\AIE Template.vcxproj", "{CA972E2A-97D0-4952-A4E4-3828FDF669EA}"
EndProject
Project("{8BC9CEB8-8B4A-11D0-8D11-00A0C91BC942}") = "memory_logging", "memory_logging\memory_logging.vcxproj", "{99ECE184-DDC1-468E-8B7C-ACC59194C00B}"
EndProject
Project("{8BC9CEB8-8B4A-11D0-8D11-00A0C91BC942}") = "interpolation_and_splines", "interpolation_and_splines\interpolation_and_splines.vcxproj", "{BA9BAB48-FEC8-44A1-B811-51AAA3C9E863}"
EndProject
Global
	GlobalSection(SolutionConfigurationPlatforms) = preSolution
		Debug|Win32 = Debug|Win32
		Release|Win32 = Release|Win32
	EndGlobalSection
	GlobalSection(ProjectConfigurationPlatforms) = postSolution
		{8B54F3F5-7B9A-474C-A548-B2F1FE799C06}.Debug|Win32.ActiveCfg = Debug|Win32
		{8B54F3F5-7B9A-474C-A548-B2F1FE799C06}.Debug|Win32.Build.0 = Debug|Win32
		{8B54F3F5-7B9A-474C-A548-B2F1FE799C06}.Release|Win32.ActiveCfg = Release|Win32
		{8B54F3F5-7B9A-474C-A548-B2F1FE799C06}.Release|Win32.Build.0 = Release|Win32
		{948F03AF-30CB-43A9-B56B-D8FD0705D1B3}.Debug|Win32.ActiveCfg = Debug|Win32
		{948F03AF-30CB-43A9-B56B-D8FD0705D1B3}.Debug|Win32.Build.0 = Debug|Win32
		{948F03AF-30CB-43A9-B56B-D8FD0705D1B3}.Release|Win32.ActiveCfg = Release|Win32
		{948F03AF-30CB-43A9-B56B-D8FD0705D1B3}.Release|Win32.Build.0 = Release|Win32
		{90A5235E-02FB-4A5A-B6A1-8987A06BEC3B}.Debug|Win32.ActiveCfg = Debug|Win32
		{90A5235E-02FB-4A5A-B6A1-8987A06BEC3B}.Debug|Win32.Build.0 = Debug|Win32
		{90A5235E-02FB-4A5A-B6A1-8987A06BEC3B}.Release|Win32.ActiveCfg = Release|Win32
		{90A5235E-02FB-4A5A-B6A1-8987A06BEC3B}.Release|Win32.Build.0 = Release|Win32
		{9D0DA388-1C1D-463B-B9CB-A6C43714325F}.Debug|Win32.ActiveCfg = Debug|Win32
		{9D0DA388-1C1D-463B-B9CB-A6C43714325F}.Debug|Win32.Build.0 = Debug|Win32
		{9D0DA388-1C1D-463B-B9CB-A6C43714325F}.Release|Win32.ActiveCfg = Release|Win32
		{9D0DA388-1C1D-463B-B9CB-A6C43714325F}.Release|Win32.Build.0 = Release|Win32
		{649FF441-DBEA-412C-BD85-72BE7395B849}.Debug|Win32.ActiveCfg = Debug|Win32
		{649FF441-DBEA-412C-BD85-72BE7395B849}.Debug|Win32.Build.0 = Debug|Win32
		{649FF441-DBEA-412C-BD85-72BE7395B849}.Release|Win32.ActiveCfg = Release|Win32
		{649FF441-DBEA-412C-BD85-72BE7395B849}.Release|Win32.Build.0 = Release|Win32
		{AC99C43E-3B26-4473-99FB-BCCE01B7345F}.Debug|Win32.ActiveCfg = Debug|Win32
		{AC99C43E-3B26-4473-99FB-BCCE01B7345F}.Debug|Win32.Build.0 = Debug|Win32
		{AC99C43E-3B26-4473-99FB-BCCE01B7345F}.Release|Win32.ActiveCfg = Release|Win32
		{AC99C43E-3B26-4473-99FB-BCCE01B7345F}.Release|Win32.Build.0 = Release|Win32
		{36EC44CE-78A4-461F-89EF-C9AD518E996F}.Debug|Win32.ActiveCfg = Debug|Win32
		{36EC44CE-78A4-461F-89EF-C9AD518E996F}.Debug|Win32.Build.0 = Debug|Win32
		{36EC44CE-78A4-461F-89EF-C9AD518E996F}.Release|Win32.ActiveCfg = Release|Win32
		{36EC44CE-78A4-461F-89EF-C9AD518E996F}.Release|Win32.Build.0 = Release|Win32
		{F44570AB-BB2F-4867-9413-8A49EA87D985}.Debug|Win32.ActiveCfg = Debug|Win32
		{F44570AB-BB2F-4867-9413-8A49EA87D985}.Debug|Win32.Build.0 = Debug|Win32
		{F44570AB-BB2F-4867-9413-8A49EA87D985}.Release|Win32.ActiveCfg = Release|Win32
		{F44570AB-BB2F-4867-9413-8A49EA87D985}.Release|Win32.Build.0 = Release|Win32
		{51C01710-2686-497D-A9F3-5DA76576F276}.Debug|Win32.ActiveCfg = Debug|Win32
		{51C01710-2686-497D-A9F3-5DA76576F276}.Debug|Win32.Build.0 = Debug|Win32
		{51C01710-2686-497D-A9F3-5DA76576F276}.Release|Win32.ActiveCfg = Release|Win32
		{51C01710-2686-497D-A9F3-5DA76576F276}.Release|Win32.Build.0 = Release|Win32
		{9B277BDF-8B26-4A1D-851A-80C6F03ADD84}.Debug|Win32.ActiveCfg = Debug|Win32
		{9B277BDF-8B26-4A1D-851A-80C6F03ADD84}.Debug|Win32.Build.0 = Debug|Win32
		{9B277BDF-8B26-4A1D-851A-80C6F03ADD84}.Release|Win32.ActiveCfg = Release|Win32
		{9B277BDF-8B26-4A1D-851A-80C6F03ADD84}.Release|Win32.Build.0 = Release|Win32
		{833B647D-1C79-49C2-911E-FF919177B0BE}.Debug|Win32.ActiveCfg = Debug|Win32
		{833B647D-1C79-49C2-911E-FF919177B0BE}.Debug|Win32.Build.0 = Debug|Win32
		{833B647D-1C79-49C2-911E-FF919177B0BE}.Release|Win32.ActiveCfg = Release|Win32
		{833B647D-1C79-49C2-911E-FF919177B0BE}.Release|Win32.Build.0 = Release|Win32
		{ECB9E43C-AF44-408C-98E1-066456F3031F}.Debug|Win32.ActiveCfg = Debug|Win32
		{ECB9E43C-AF44-408C-98E1-066456F3031F}.Debug|Win32.Build.0 = Debug|Win32
		{ECB9E43C-AF44-408C-98E1-066456F3031F}.Release|Win32.ActiveCfg = Release|Win32
		{ECB9E43C-AF44-408C-98E1-066456F3031F}.Release|Win32.Build.0 = Release|Win32
		{C8E6D3FD-E5E3-49B5-8E7F-526892A23F7C}.Debug|Win32.ActiveCfg = Debug|Win32
		{C8E6D3FD-E5E3-49B5-8E7F-526892A23F7C}.Debug|Win32.Build.0 = Debug|Win32
		{C8E6D3FD-E5E3-49B5-8E7F-526892A23F7C}.Release|Win32.ActiveCfg = Release|Win32
		{C8E6D3FD-E5E3-49B5-8E7F-526892A23F7C}.Release|Win32.Build.0 = Release|Win32
		{6F7C24D3-CBC2-4DD9-A922-D6B10FDF2BFE}.Debug|Win32.ActiveCfg = Debug|Win32
		{6F7C24D3-CBC2-4DD9-A922-D6B10FDF2BFE}.Debug|Win32.Build.0 = Debug|Win32
		{6F7C24D3-CBC2-4DD9-A922-D6B10FDF2BFE}.Release|Win32.ActiveCfg = Release|Win32
		{6F7C24D3-CBC2-4DD9-A922-D6B10FDF2BFE}.Release|Win32.Build.0 = Release|Win32
		{300B299C-2524-4411-8A12-A4C226CD9188}.Debug|Win32.ActiveCfg = Debug|Win32
		{300B299C-2524-4411-8A12-A4C226CD9188}.Debug|Win32.Build.0 = Debug|Win32
		{300B299C-2524-4411-8A12-A4C226CD9188}.Release|Win32.ActiveCfg = Release|Win32
		{300B299C-2524-4411-8A12-A4C226CD9188}.Release|Win32.Build.0 = Release|Win32
		{CA972E2A-97D0-4952-A4E4-3828FDF669EA}.Debug|Win32.ActiveCfg = Debug|Win32
		{CA972E2A-97D0-4952-A4E4-3828FDF669EA}.Debug|Win32.Build.0 = Debug|Win32
		{CA972E2A-97D0-4952-A4E4-3828FDF669EA}.Release|Win32.ActiveCfg = Release|Win32
		{CA972E2A-97D0-4952-A4E4-3828FDF669EA}.Release|Win32.Build.0 = Release|Win32
		{99ECE184-DDC1-468E-8B7C-ACC59194C00B}.Debug|Win32.ActiveCfg = Debug|Win32
		{99ECE184-DDC1-468E-8B7C-ACC59194C00B}.Debug|Win32.Build.0 = Debug|Win32
		{99ECE184-DDC1-468E-8B7C-ACC59194C00B}.Release|Win32.ActiveCfg = Release|Win32
		{99ECE184-DDC1-468E-8B7C-ACC59194C00B}.Release|Win32.Build.0 = Release|Win32
		{BA9BAB48-FEC8-44A1-B811-51AAA3C9E863}.Debug|Win32.ActiveCfg = Debug|Win32
		{BA9BAB48-FEC8-44A1-B811-51AAA3C9E863}.Debug|Win32.Build.0 = Debug|Win32
		{BA9BAB48-FEC8-44A1-B811-51AAA3C9E863}.Release|Win32.ActiveCfg = Release|Win32
		{BA9BAB48-FEC8-44A1-B811-51AAA3C9E863}.Release|Win32.Build.0 = Release|Win32
	EndGlobalSection
	GlobalSection(SolutionProperties) = preSolution
		HideSolutionNode = FALSE
	EndGlobalSection
EndGlobal
